<?xml version="1.0" encoding="utf-8"?>
<Project ToolsVersion="4.0" xmlns="http://schemas.microsoft.com/developer/msbuild/2003">
  <ItemGroup>
    <ClCompile Include="engine.cpp" />
    <ClCompile Include="include\jsoncpp.cpp" />
    <ClCompile Include="point.cpp" />
    <ClCompile Include="poly.cpp" />
    <ClCompile Include="stdafx.cpp" />
    <ClCompile Include="main.cpp" />
    <ClCompile Include="tinyfiledialogs.c" />
    <ClCompile Include="include\imgui\imgui.cpp">
      <Filter>imgui</Filter>
    </ClCompile>
    <ClCompile Include="include\imgui\imgui_demo.cpp">
      <Filter>imgui</Filter>
    </ClCompile>
    <ClCompile Include="include\imgui\imgui_draw.cpp">
      <Filter>imgui</Filter>
    </ClCompile>
    <ClCompile Include="include\imgui\imguicolorpicker.cpp">
      <Filter>imgui</Filter>
    </ClCompile>
    <ClCompile Include="undoaction.cpp" />
  </ItemGroup>
  <ItemGroup>
    <ClInclude Include="engine.h" />
    <ClInclude Include="point.h" />
    <ClInclude Include="poly.h" />
    <ClInclude Include="stdafx.h" />
    <ClInclude Include="targetver.h" />
    <ClInclude Include="tinyfiledialogs.h" />
    <ClInclude Include="include\imgui\imconfig.h">
      <Filter>imgui</Filter>
    </ClInclude>
    <ClInclude Include="include\imgui-backends\SFML\imconfig-events-SFML.h">
      <Filter>imgui</Filter>
    </ClInclude>
    <ClInclude Include="include\imgui-backends\SFML\imconfig-rendering-SFML.h">
      <Filter>imgui</Filter>
    </ClInclude>
    <ClInclude Include="include\imgui\imgui.h">
      <Filter>imgui</Filter>
    </ClInclude>
    <ClInclude Include="include\imgui\imgui_internal.h">
      <Filter>imgui</Filter>
    </ClInclude>
    <ClInclude Include="include\imgui\imguicolorpicker.h">
      <Filter>imgui</Filter>
    </ClInclude>
    <ClInclude Include="include\imgui-backends\SFML\imgui-events-SFML.h">
      <Filter>imgui</Filter>
    </ClInclude>
    <ClInclude Include="include\imgui-backends\SFML\imgui-rendering-SFML.h">
      <Filter>imgui</Filter>
    </ClInclude>
    <ClInclude Include="include\imgui\stb_rect_pack.h">
      <Filter>imgui</Filter>
    </ClInclude>
    <ClInclude Include="include\imgui\stb_textedit.h">
      <Filter>imgui</Filter>
    </ClInclude>
    <ClInclude Include="include\imgui\stb_truetype.h">
      <Filter>imgui</Filter>
    </ClInclude>
    <ClInclude Include="undoaction.h" />
  </ItemGroup>
  <ItemGroup>
    <Font Include="font\DroidSans.ttf" />
  </ItemGroup>
  <ItemGroup>
    <None Include="include\imgui-backends\SFML\README.md" />
    <None Include="include\imgui\LICENSE" />
    <None Include="include\imgui\README.md" />
  </ItemGroup>
  <ItemGroup>
    <Filter Include="imgui">
      <UniqueIdentifier>{0041a0a9-a9a1-44dc-9504-44be3512ace6}</UniqueIdentifier>
    </Filter>
  </ItemGroup>
</Project>